
Microsoft Visual Studio Solution File, Format Version 12.00
# Visual Studio 15
Project("{FAE04EC0-301F-11D3-BF4B-00C04F79EFBC}") = "HomeWork2", "HomeWork2\HomeWork2.csproj", "{EEC760BD-363A-45BF-A3BB-90EDC68325A8}"
EndProject
Project("{FAE04EC0-301F-11D3-BF4B-00C04F79EFBC}") = "HourseDatabaseLiblary", "HourseDatabaseLiblary\HourseDatabaseLiblary.csproj", "{A2ACF1B5-41BB-448A-8E0A-7442DB698EA4}"
EndProject
Global
	GlobalSection(SolutionConfigurationPlatforms) = preSolution
		Debug|Any CPU = Debug|Any CPU
		Release|Any CPU = Release|Any CPU
	EndGlobalSection
	GlobalSection(ProjectConfigurationPlatforms) = postSolution
		{EEC760BD-363A-45BF-A3BB-90EDC68325A8}.Debug|Any CPU.ActiveCfg = Debug|Any CPU
		{EEC760BD-363A-45BF-A3BB-90EDC68325A8}.Debug|Any CPU.Build.0 = Debug|Any CPU
		{EEC760BD-363A-45BF-A3BB-90EDC68325A8}.Release|Any CPU.ActiveCfg = Release|Any CPU
		{EEC760BD-363A-45BF-A3BB-90EDC68325A8}.Release|Any CPU.Build.0 = Release|Any CPU
		{A2ACF1B5-41BB-448A-8E0A-7442DB698EA4}.Debug|Any CPU.ActiveCfg = Debug|Any CPU
		{A2ACF1B5-41BB-448A-8E0A-7442DB698EA4}.Debug|Any CPU.Build.0 = Debug|Any CPU
		{A2ACF1B5-41BB-448A-8E0A-7442DB698EA4}.Release|Any CPU.ActiveCfg = Release|Any CPU
		{A2ACF1B5-41BB-448A-8E0A-7442DB698EA4}.Release|Any CPU.Build.0 = Release|Any CPU
	EndGlobalSection
EndGlobal
